
Microsoft Visual Studio Solution File, Format Version 12.00
# Visual Studio Version 16
VisualStudioVersion = 16.0.32228.343
MinimumVisualStudioVersion = 10.0.40219.1
Project("{8BC9CEB8-8B4A-11D0-8D11-00A0C91BC942}") = "cartesian_plane_2", "cartesian_plane_2\cartesian_plane_2.vcxproj", "{DD188E4D-4679-4914-8DF5-54BA4899DD01}"
EndProject
Global
	GlobalSection(SolutionConfigurationPlatforms) = preSolution
		Debug|x64 = Debug|x64
		Debug|x86 = Debug|x86
		Release|x64 = Release|x64
		Release|x86 = Release|x86
	EndGlobalSection
	GlobalSection(ProjectConfigurationPlatforms) = postSolution
		{DD188E4D-4679-4914-8DF5-54BA4899DD01}.Debug|x64.ActiveCfg = Debug|x64
		{DD188E4D-4679-4914-8DF5-54BA4899DD01}.Debug|x64.Build.0 = Debug|x64
		{DD188E4D-4679-4914-8DF5-54BA4899DD01}.Debug|x86.ActiveCfg = Debug|Win32
		{DD188E4D-4679-4914-8DF5-54BA4899DD01}.Debug|x86.Build.0 = Debug|Win32
		{DD188E4D-4679-4914-8DF5-54BA4899DD01}.Release|x64.ActiveCfg = Release|x64
		{DD188E4D-4679-4914-8DF5-54BA4899DD01}.Release|x64.Build.0 = Release|x64
		{DD188E4D-4679-4914-8DF5-54BA4899DD01}.Release|x86.ActiveCfg = Release|Win32
		{DD188E4D-4679-4914-8DF5-54BA4899DD01}.Release|x86.Build.0 = Release|Win32
	EndGlobalSection
	GlobalSection(SolutionProperties) = preSolution
		HideSolutionNode = FALSE
	EndGlobalSection
	GlobalSection(ExtensibilityGlobals) = postSolution
		SolutionGuid = {22F2F191-A866-4B70-9417-864183A3AB93}
	EndGlobalSection
EndGlobal
